
Microsoft Visual Studio Solution File, Format Version 12.00
# Visual Studio 2013
VisualStudioVersion = 12.0.21005.1
MinimumVisualStudioVersion = 10.0.40219.1
Project("{FAE04EC0-301F-11D3-BF4B-00C04F79EFBC}") = "RealEststeRelar", "RealEststeRelar\RealEststeRelar.csproj", "{D3820BF6-E0CA-48E0-B031-DF5424E0FB05}"
EndProject
Project("{FAE04EC0-301F-11D3-BF4B-00C04F79EFBC}") = "RealEststeRelar.Tests", "RealEststeRelar.Tests\RealEststeRelar.Tests.csproj", "{A3844C05-D872-4AF4-B399-DCDA1FA9EAC6}"
EndProject
Global
	GlobalSection(SolutionConfigurationPlatforms) = preSolution
		Debug|Any CPU = Debug|Any CPU
		Release|Any CPU = Release|Any CPU
	EndGlobalSection
	GlobalSection(ProjectConfigurationPlatforms) = postSolution
		{D3820BF6-E0CA-48E0-B031-DF5424E0FB05}.Debug|Any CPU.ActiveCfg = Debug|Any CPU
		{D3820BF6-E0CA-48E0-B031-DF5424E0FB05}.Debug|Any CPU.Build.0 = Debug|Any CPU
		{D3820BF6-E0CA-48E0-B031-DF5424E0FB05}.Release|Any CPU.ActiveCfg = Release|Any CPU
		{D3820BF6-E0CA-48E0-B031-DF5424E0FB05}.Release|Any CPU.Build.0 = Release|Any CPU
		{A3844C05-D872-4AF4-B399-DCDA1FA9EAC6}.Debug|Any CPU.ActiveCfg = Debug|Any CPU
		{A3844C05-D872-4AF4-B399-DCDA1FA9EAC6}.Debug|Any CPU.Build.0 = Debug|Any CPU
		{A3844C05-D872-4AF4-B399-DCDA1FA9EAC6}.Release|Any CPU.ActiveCfg = Release|Any CPU
		{A3844C05-D872-4AF4-B399-DCDA1FA9EAC6}.Release|Any CPU.Build.0 = Release|Any CPU
	EndGlobalSection
	GlobalSection(SolutionProperties) = preSolution
		HideSolutionNode = FALSE
	EndGlobalSection
EndGlobal
